
Microsoft Visual Studio Solution File, Format Version 12.00
# Visual Studio Version 17
VisualStudioVersion = 17.2.32526.322
MinimumVisualStudioVersion = 10.0.40219.1
Project("{FAE04EC0-301F-11D3-BF4B-00C04F79EFBC}") = "SR14", "SR14\SR14.csproj", "{2D44E478-045C-40C4-B32C-15E8593B3DAF}"
EndProject
Global
	GlobalSection(SolutionConfigurationPlatforms) = preSolution
		Debug|Any CPU = Debug|Any CPU
		Release|Any CPU = Release|Any CPU
	EndGlobalSection
	GlobalSection(ProjectConfigurationPlatforms) = postSolution
		{2D44E478-045C-40C4-B32C-15E8593B3DAF}.Debug|Any CPU.ActiveCfg = Debug|Any CPU
		{2D44E478-045C-40C4-B32C-15E8593B3DAF}.Debug|Any CPU.Build.0 = Debug|Any CPU
		{2D44E478-045C-40C4-B32C-15E8593B3DAF}.Release|Any CPU.ActiveCfg = Release|Any CPU
		{2D44E478-045C-40C4-B32C-15E8593B3DAF}.Release|Any CPU.Build.0 = Release|Any CPU
	EndGlobalSection
	GlobalSection(SolutionProperties) = preSolution
		HideSolutionNode = FALSE
	EndGlobalSection
	GlobalSection(ExtensibilityGlobals) = postSolution
		SolutionGuid = {2F37DB07-E257-469B-8A5D-F91EA6282B20}
	EndGlobalSection
EndGlobal
